<?xml version="1.0" encoding="utf-8"?>
<Project ToolsVersion="4.0" xmlns="http://schemas.microsoft.com/developer/msbuild/2003">
  <ItemGroup>
    <Filter Include="Source Files">
      <UniqueIdentifier>{4FC737F1-C7A5-4376-A066-2A32D752A2FF}</UniqueIdentifier>
      <Extensions>cpp;c;cc;cxx;def;odl;idl;hpj;bat;asm;asmx</Extensions>
    </Filter>
    <Filter Include="Header Files">
      <UniqueIdentifier>{93995380-89BD-4b04-88EB-625FBE52EBFB}</UniqueIdentifier>
      <Extensions>h;hpp;hxx;hm;inl;inc;xsd</Extensions>
    </Filter>
    <Filter Include="Resource Files">
      <UniqueIdentifier>{67DA6AB6-F800-4c08-8B7A-83BB121AAD01}</UniqueIdentifier>
      <Extensions>rc;ico;cur;bmp;dlg;rc2;rct;bin;rgs;gif;jpg;jpeg;jpe;resx;tiff;tif;png;wav;mfcribbon-ms</Extensions>
    </Filter>
    <Filter Include="Header Files\Protocols">
      <UniqueIdentifier>{a4477119-ce8b-45a6-90fb-3a0c90f09c72}</UniqueIdentifier>
    </Filter>
    <Filter Include="Source Files\Protocols">
      <UniqueIdentifier>{9cf2e354-8efc-498e-9ba7-77c70de25ccf}</UniqueIdentifier>
    </Filter>
    <Filter Include="Header Files\Protocols\User Content">
      <UniqueIdentifier>{d4711511-8248-4359-81f0-de2c27b35298}</UniqueIdentifier>
    </Filter>
    <Filter Include="Source Files\Protocols\User Content">
      <UniqueIdentifier>{8d57990e-afe3-4458-bd61-ffd9b33dfedc}</UniqueIdentifier>
    </Filter>
    <Filter Include="Header Files\Transports">
      <UniqueIdentifier>{fa0aaa1e-50c0-4819-9038-8771da019601}</UniqueIdentifier>
    </Filter>
    <Filter Include="Header Files\Transports\HTTP">
      <UniqueIdentifier>{298aff9b-c09b-44c2-bb0a-5d1cc5f80805}</UniqueIdentifier>
    </Filter>
    <Filter Include="Header Files\Transports\Trivial">
      <UniqueIdentifier>{91d78c47-b4f4-486f-8270-b222bd29943d}</UniqueIdentifier>
    </Filter>
    <Filter Include="Source Files\Transports">
      <UniqueIdentifier>{2c038312-66fd-48aa-81ed-a70fa0629dd5}</UniqueIdentifier>
    </Filter>
    <Filter Include="Source Files\Transports\Trivial">
      <UniqueIdentifier>{aece4836-b69b-4dc5-a6f9-f6b4b1855efb}</UniqueIdentifier>
    </Filter>
  </ItemGroup>
  <ItemGroup>
    <ClInclude Include="..\authority.hpp">
      <Filter>Header Files</Filter>
    </ClInclude>
    <ClInclude Include="..\connection.hpp">
      <Filter>Header Files</Filter>
    </ClInclude>
    <ClInclude Include="..\core.hpp">
      <Filter>Header Files</Filter>
    </ClInclude>
    <ClInclude Include="..\field_utils.hpp">
      <Filter>Header Files</Filter>
    </ClInclude>
    <ClInclude Include="..\known_peers.hpp">
      <Filter>Header Files</Filter>
    </ClInclude>
    <ClInclude Include="..\link.hpp">
      <Filter>Header Files</Filter>
    </ClInclude>
    <ClInclude Include="..\node.hpp">
      <Filter>Header Files</Filter>
    </ClInclude>
    <ClInclude Include="..\packet.hpp">
      <Filter>Header Files</Filter>
    </ClInclude>
    <ClInclude Include="..\peer_cache.hpp">
      <Filter>Header Files</Filter>
    </ClInclude>
    <ClInclude Include="traffic_generator.hpp">
      <Filter>Header Files</Filter>
    </ClInclude>
    <ClInclude Include="config.hpp">
      <Filter>Header Files</Filter>
    </ClInclude>
    <ClInclude Include="simulator.hpp">
      <Filter>Header Files</Filter>
    </ClInclude>
    <ClInclude Include="..\hunk.hpp">
      <Filter>Header Files</Filter>
    </ClInclude>
    <ClInclude Include="..\key.hpp">
      <Filter>Header Files</Filter>
    </ClInclude>
    <ClInclude Include="..\name.hpp">
      <Filter>Header Files</Filter>
    </ClInclude>
    <ClInclude Include="..\content.hpp">
      <Filter>Header Files</Filter>
    </ClInclude>
    <ClInclude Include="..\protocols\user_content\non_authoritative.hpp">
      <Filter>Header Files\Protocols\User Content</Filter>
    </ClInclude>
    <ClInclude Include="..\protocols\user_content\user_content_fwd.hpp">
      <Filter>Header Files\Protocols\User Content</Filter>
    </ClInclude>
    <ClInclude Include="..\protocols\user_content\request.hpp">
      <Filter>Header Files\Protocols\User Content</Filter>
    </ClInclude>
    <ClInclude Include="..\protocols\user_content\payload_content_buffer.hpp">
      <Filter>Header Files\Protocols\User Content</Filter>
    </ClInclude>
    <ClInclude Include="..\protocols\indirect_credit.hpp">
      <Filter>Header Files\Protocols</Filter>
    </ClInclude>
    <ClInclude Include="..\protocol.hpp">
      <Filter>Header Files</Filter>
    </ClInclude>
    <ClInclude Include="..\protocols\user_content\content_protocol.hpp">
      <Filter>Header Files\Protocols\User Content</Filter>
    </ClInclude>
    <ClInclude Include="..\content_sources.hpp">
      <Filter>Header Files</Filter>
    </ClInclude>
    <ClInclude Include="..\payload_request.hpp">
      <Filter>Header Files</Filter>
    </ClInclude>
    <ClInclude Include="..\payload_failure.hpp">
      <Filter>Header Files</Filter>
    </ClInclude>
    <ClInclude Include="..\payload_sources.hpp">
      <Filter>Header Files</Filter>
    </ClInclude>
    <ClInclude Include="..\transport.hpp">
      <Filter>Header Files</Filter>
    </ClInclude>
    <ClInclude Include="..\transports\http\server.hpp">
      <Filter>Header Files\Transports\HTTP</Filter>
    </ClInclude>
    <ClInclude Include="..\transports\http\message.hpp">
      <Filter>Header Files\Transports\HTTP</Filter>
    </ClInclude>
    <ClInclude Include="..\transports\http\version.hpp">
      <Filter>Header Files\Transports\HTTP</Filter>
    </ClInclude>
    <ClInclude Include="..\transports\http\headers.hpp">
      <Filter>Header Files\Transports\HTTP</Filter>
    </ClInclude>
    <ClInclude Include="..\transports\trivial\trivial_transport.hpp">
      <Filter>Header Files\Transports\Trivial</Filter>
    </ClInclude>
  </ItemGroup>
  <ItemGroup>
    <ClCompile Include="..\authority.cpp">
      <Filter>Source Files</Filter>
    </ClCompile>
    <ClCompile Include="..\connection.cpp">
      <Filter>Source Files</Filter>
    </ClCompile>
    <ClCompile Include="..\core.cpp">
      <Filter>Source Files</Filter>
    </ClCompile>
    <ClCompile Include="..\hunk.cpp">
      <Filter>Source Files</Filter>
    </ClCompile>
    <ClCompile Include="..\known_peers.cpp">
      <Filter>Source Files</Filter>
    </ClCompile>
    <ClCompile Include="..\node.cpp">
      <Filter>Source Files</Filter>
    </ClCompile>
    <ClCompile Include="..\packet.cpp">
      <Filter>Source Files</Filter>
    </ClCompile>
    <ClCompile Include="..\peer_cache.cpp">
      <Filter>Source Files</Filter>
    </ClCompile>
    <ClCompile Include="traffic_generator.cpp">
      <Filter>Source Files</Filter>
    </ClCompile>
    <ClCompile Include="config.cpp">
      <Filter>Source Files</Filter>
    </ClCompile>
    <ClCompile Include="simulator.cpp">
      <Filter>Source Files</Filter>
    </ClCompile>
    <ClCompile Include="..\protocols\indirect_credit.cpp">
      <Filter>Source Files\Protocols</Filter>
    </ClCompile>
    <ClCompile Include="..\protocols\user_content\non_authoritative.cpp">
      <Filter>Source Files\Protocols\User Content</Filter>
    </ClCompile>
    <ClCompile Include="..\protocols\user_content\request.cpp">
      <Filter>Source Files\Protocols\User Content</Filter>
    </ClCompile>
    <ClCompile Include="..\protocol.cpp">
      <Filter>Source Files</Filter>
    </ClCompile>
    <ClCompile Include="..\protocols\user_content\content_protocol.cpp">
      <Filter>Source Files\Protocols\User Content</Filter>
    </ClCompile>
    <ClCompile Include="..\protocols\user_content\payload_content_buffer.cpp">
      <Filter>Source Files\Protocols\User Content</Filter>
    </ClCompile>
    <ClCompile Include="..\content_sources.cpp">
      <Filter>Source Files</Filter>
    </ClCompile>
    <ClCompile Include="..\payload_request.cpp">
      <Filter>Source Files</Filter>
    </ClCompile>
    <ClCompile Include="..\transports\trivial\trivial_transport.cpp">
      <Filter>Source Files\Transports\Trivial</Filter>
    </ClCompile>
  </ItemGroup>
</Project>